
Microsoft Visual Studio Solution File, Format Version 12.00
# Visual Studio Version 17
VisualStudioVersion = 17.0.31903.59
MinimumVisualStudioVersion = 10.0.40219.1
Project("{FAE04EC0-301F-11D3-BF4B-00C04F79EFBC}") = "OlaMundo", "OlaMundo\OlaMundo.csproj", "{CDDF3538-3804-43FD-B1D0-CF15B582145E}"
EndProject
Project("{FAE04EC0-301F-11D3-BF4B-00C04F79EFBC}") = "Argumentos", "Argumentos\Argumentos.csproj", "{F851DAB7-9703-41A3-8478-6E5BD2C72675}"
EndProject
Project("{FAE04EC0-301F-11D3-BF4B-00C04F79EFBC}") = "TiposVarios", "TiposVarios\TiposVarios.csproj", "{1098A3BA-7861-49FB-84BB-324455A5B8A6}"
EndProject
Project("{FAE04EC0-301F-11D3-BF4B-00C04F79EFBC}") = "VariasStrings", "VariasStrings\VariasStrings.csproj", "{EEC48FE1-26E4-4F14-9ED2-304CF16E9F17}"
EndProject
Global
	GlobalSection(SolutionConfigurationPlatforms) = preSolution
		Debug|Any CPU = Debug|Any CPU
		Release|Any CPU = Release|Any CPU
	EndGlobalSection
	GlobalSection(SolutionProperties) = preSolution
		HideSolutionNode = FALSE
	EndGlobalSection
	GlobalSection(ProjectConfigurationPlatforms) = postSolution
		{CDDF3538-3804-43FD-B1D0-CF15B582145E}.Debug|Any CPU.ActiveCfg = Debug|Any CPU
		{CDDF3538-3804-43FD-B1D0-CF15B582145E}.Debug|Any CPU.Build.0 = Debug|Any CPU
		{CDDF3538-3804-43FD-B1D0-CF15B582145E}.Release|Any CPU.ActiveCfg = Release|Any CPU
		{CDDF3538-3804-43FD-B1D0-CF15B582145E}.Release|Any CPU.Build.0 = Release|Any CPU
		{F851DAB7-9703-41A3-8478-6E5BD2C72675}.Debug|Any CPU.ActiveCfg = Debug|Any CPU
		{F851DAB7-9703-41A3-8478-6E5BD2C72675}.Debug|Any CPU.Build.0 = Debug|Any CPU
		{F851DAB7-9703-41A3-8478-6E5BD2C72675}.Release|Any CPU.ActiveCfg = Release|Any CPU
		{F851DAB7-9703-41A3-8478-6E5BD2C72675}.Release|Any CPU.Build.0 = Release|Any CPU
		{1098A3BA-7861-49FB-84BB-324455A5B8A6}.Debug|Any CPU.ActiveCfg = Debug|Any CPU
		{1098A3BA-7861-49FB-84BB-324455A5B8A6}.Debug|Any CPU.Build.0 = Debug|Any CPU
		{1098A3BA-7861-49FB-84BB-324455A5B8A6}.Release|Any CPU.ActiveCfg = Release|Any CPU
		{1098A3BA-7861-49FB-84BB-324455A5B8A6}.Release|Any CPU.Build.0 = Release|Any CPU
		{EEC48FE1-26E4-4F14-9ED2-304CF16E9F17}.Debug|Any CPU.ActiveCfg = Debug|Any CPU
		{EEC48FE1-26E4-4F14-9ED2-304CF16E9F17}.Debug|Any CPU.Build.0 = Debug|Any CPU
		{EEC48FE1-26E4-4F14-9ED2-304CF16E9F17}.Release|Any CPU.ActiveCfg = Release|Any CPU
		{EEC48FE1-26E4-4F14-9ED2-304CF16E9F17}.Release|Any CPU.Build.0 = Release|Any CPU
	EndGlobalSection
EndGlobal
